
Microsoft Visual Studio Solution File, Format Version 12.00
# Visual Studio Version 17
VisualStudioVersion = 17.14.36221.1 d17.14
MinimumVisualStudioVersion = 10.0.40219.1
Project("{FAE04EC0-301F-11D3-BF4B-00C04F79EFBC}") = "Website", "Website\Website.csproj", "{5C5BF1FD-B11C-4701-BA90-15A4B2E0CF9A}"
EndProject
Global
	GlobalSection(SolutionConfigurationPlatforms) = preSolution
		Debug|Any CPU = Debug|Any CPU
		Release|Any CPU = Release|Any CPU
	EndGlobalSection
	GlobalSection(ProjectConfigurationPlatforms) = postSolution
		{5C5BF1FD-B11C-4701-BA90-15A4B2E0CF9A}.Debug|Any CPU.ActiveCfg = Debug|Any CPU
		{5C5BF1FD-B11C-4701-BA90-15A4B2E0CF9A}.Debug|Any CPU.Build.0 = Debug|Any CPU
		{5C5BF1FD-B11C-4701-BA90-15A4B2E0CF9A}.Release|Any CPU.ActiveCfg = Release|Any CPU
		{5C5BF1FD-B11C-4701-BA90-15A4B2E0CF9A}.Release|Any CPU.Build.0 = Release|Any CPU
	EndGlobalSection
	GlobalSection(SolutionProperties) = preSolution
		HideSolutionNode = FALSE
	EndGlobalSection
	GlobalSection(ExtensibilityGlobals) = postSolution
		SolutionGuid = {6AFEBD15-4E71-477C-9545-F3440D026E13}
	EndGlobalSection
EndGlobal
